
Microsoft Visual Studio Solution File, Format Version 12.00
# Visual Studio 2012
Project("{FAE04EC0-301F-11D3-BF4B-00C04F79EFBC}") = "SharpMap.UI.Extensions", "SharpMap.UI.Extensions.csproj", "{99F46ADD-4706-4ED9-BEBB-A8A2A8D4B2FF}"
EndProject
Global
	GlobalSection(SolutionConfigurationPlatforms) = preSolution
		Debug|Any CPU = Debug|Any CPU
		Release|Any CPU = Release|Any CPU
	EndGlobalSection
	GlobalSection(ProjectConfigurationPlatforms) = postSolution
		{99F46ADD-4706-4ED9-BEBB-A8A2A8D4B2FF}.Debug|Any CPU.ActiveCfg = Debug|Any CPU
		{99F46ADD-4706-4ED9-BEBB-A8A2A8D4B2FF}.Debug|Any CPU.Build.0 = Debug|Any CPU
		{99F46ADD-4706-4ED9-BEBB-A8A2A8D4B2FF}.Release|Any CPU.ActiveCfg = Release|Any CPU
		{99F46ADD-4706-4ED9-BEBB-A8A2A8D4B2FF}.Release|Any CPU.Build.0 = Release|Any CPU
	EndGlobalSection
	GlobalSection(SolutionProperties) = preSolution
		HideSolutionNode = FALSE
	EndGlobalSection
EndGlobal
